// !$*UTF8*$!
{
	archiveVersion = 1;
	classes = {
	};
	objectVersion = 48;
	objects = {

/* Begin PBXBuildFile section */
		B50518A51FF03F9000189C67 /* FIRMessagingService.swift in Sources */ = {isa = PBXBuildFile; fileRef = B50518A41FF03F9000189C67 /* FIRMessagingService.swift */; };
		B50710BF1FE9876700EDE117 /* AppDelegate.swift in Sources */ = {isa = PBXBuildFile; fileRef = B50710BE1FE9876700EDE117 /* AppDelegate.swift */; };
		B50710C11FE9876700EDE117 /* ViewController.swift in Sources */ = {isa = PBXBuildFile; fileRef = B50710C01FE9876700EDE117 /* ViewController.swift */; };
		B50710C41FE9876700EDE117 /* Main.storyboard in Resources */ = {isa = PBXBuildFile; fileRef = B50710C21FE9876700EDE117 /* Main.storyboard */; };
		B50710C61FE9876700EDE117 /* Assets.xcassets in Resources */ = {isa = PBXBuildFile; fileRef = B50710C51FE9876700EDE117 /* Assets.xcassets */; };
		B50710C91FE9876700EDE117 /* LaunchScreen.storyboard in Resources */ = {isa = PBXBuildFile; fileRef = B50710C71FE9876700EDE117 /* LaunchScreen.storyboard */; };
		B50710D51FE99A2900EDE117 /* Product.swift in Sources */ = {isa = PBXBuildFile; fileRef = B50710D41FE99A2900EDE117 /* Product.swift */; };
		B50710D71FE99CE600EDE117 /* ProductCell.swift in Sources */ = {isa = PBXBuildFile; fileRef = B50710D61FE99CE600EDE117 /* ProductCell.swift */; };
		B50710D91FE9A93A00EDE117 /* AlertService.swift in Sources */ = {isa = PBXBuildFile; fileRef = B50710D81FE9A93A00EDE117 /* AlertService.swift */; };
		B5213E051FEC34680040343C /* UNService.swift in Sources */ = {isa = PBXBuildFile; fileRef = B5213E041FEC34680040343C /* UNService.swift */; };
		B55056851FEF39D4003F0841 /* ProductsSnapshot.swift in Sources */ = {isa = PBXBuildFile; fileRef = B55056841FEF39D4003F0841 /* ProductsSnapshot.swift */; };
		B55056871FEF3D9A003F0841 /* ProductsService.swift in Sources */ = {isa = PBXBuildFile; fileRef = B55056861FEF3D9A003F0841 /* ProductsService.swift */; };
		B55F5B491FEF067200895757 /* GoogleService-Info.plist in Resources */ = {isa = PBXBuildFile; fileRef = B55F5B481FEF067100895757 /* GoogleService-Info.plist */; };
		B55F5B4B1FEF096200895757 /* FIRDatabaseService.swift in Sources */ = {isa = PBXBuildFile; fileRef = B55F5B4A1FEF096200895757 /* FIRDatabaseService.swift */; };
		EEA24EE158D078645A425B24 /* Pods_For_Sale.framework in Frameworks */ = {isa = PBXBuildFile; fileRef = 5E289CD22DB1FE203AE59BAB /* Pods_For_Sale.framework */; };
/* End PBXBuildFile section */

/* Begin PBXFileReference section */
		4941341B70A6F81954FB0E94 /* Pods-For Sale.debug.xcconfig */ = {isa = PBXFileReference; includeInIndex = 1; lastKnownFileType = text.xcconfig; name = "Pods-For Sale.debug.xcconfig"; path = "Pods/Target Support Files/Pods-For Sale/Pods-For Sale.debug.xcconfig"; sourceTree = "<group>"; };
		5E289CD22DB1FE203AE59BAB /* Pods_For_Sale.framework */ = {isa = PBXFileReference; explicitFileType = wrapper.framework; includeInIndex = 0; path = Pods_For_Sale.framework; sourceTree = BUILT_PRODUCTS_DIR; };
		B50518A41FF03F9000189C67 /* FIRMessagingService.swift */ = {isa = PBXFileReference; lastKnownFileType = sourcecode.swift; path = FIRMessagingService.swift; sourceTree = "<group>"; };
		B50710BB1FE9876700EDE117 /* For Sale.app */ = {isa = PBXFileReference; explicitFileType = wrapper.application; includeInIndex = 0; path = "For Sale.app"; sourceTree = BUILT_PRODUCTS_DIR; };
		B50710BE1FE9876700EDE117 /* AppDelegate.swift */ = {isa = PBXFileReference; lastKnownFileType = sourcecode.swift; path = AppDelegate.swift; sourceTree = "<group>"; };
		B50710C01FE9876700EDE117 /* ViewController.swift */ = {isa = PBXFileReference; lastKnownFileType = sourcecode.swift; path = ViewController.swift; sourceTree = "<group>"; };
		B50710C31FE9876700EDE117 /* Base */ = {isa = PBXFileReference; lastKnownFileType = file.storyboard; name = Base; path = Base.lproj/Main.storyboard; sourceTree = "<group>"; };
		B50710C51FE9876700EDE117 /* Assets.xcassets */ = {isa = PBXFileReference; lastKnownFileType = folder.assetcatalog; path = Assets.xcassets; sourceTree = "<group>"; };
		B50710C81FE9876700EDE117 /* Base */ = {isa = PBXFileReference; lastKnownFileType = file.storyboard; name = Base; path = Base.lproj/LaunchScreen.storyboard; sourceTree = "<group>"; };
		B50710CA1FE9876700EDE117 /* Info.plist */ = {isa = PBXFileReference; lastKnownFileType = text.plist.xml; path = Info.plist; sourceTree = "<group>"; };
		B50710D41FE99A2900EDE117 /* Product.swift */ = {isa = PBXFileReference; lastKnownFileType = sourcecode.swift; path = Product.swift; sourceTree = "<group>"; };
		B50710D61FE99CE600EDE117 /* ProductCell.swift */ = {isa = PBXFileReference; lastKnownFileType = sourcecode.swift; path = ProductCell.swift; sourceTree = "<group>"; };
		B50710D81FE9A93A00EDE117 /* AlertService.swift */ = {isa = PBXFileReference; lastKnownFileType = sourcecode.swift; path = AlertService.swift; sourceTree = "<group>"; };
		B5213E041FEC34680040343C /* UNService.swift */ = {isa = PBXFileReference; lastKnownFileType = sourcecode.swift; path = UNService.swift; sourceTree = "<group>"; };
		B5213E061FEC3D160040343C /* For Sale.entitlements */ = {isa = PBXFileReference; lastKnownFileType = text.plist.entitlements; path = "For Sale.entitlements"; sourceTree = "<group>"; };
		B55056841FEF39D4003F0841 /* ProductsSnapshot.swift */ = {isa = PBXFileReference; lastKnownFileType = sourcecode.swift; path = ProductsSnapshot.swift; sourceTree = "<group>"; };
		B55056861FEF3D9A003F0841 /* ProductsService.swift */ = {isa = PBXFileReference; lastKnownFileType = sourcecode.swift; path = ProductsService.swift; sourceTree = "<group>"; };
		B55F5B481FEF067100895757 /* GoogleService-Info.plist */ = {isa = PBXFileReference; fileEncoding = 4; lastKnownFileType = text.plist.xml; path = "GoogleService-Info.plist"; sourceTree = "<group>"; };
		B55F5B4A1FEF096200895757 /* FIRDatabaseService.swift */ = {isa = PBXFileReference; lastKnownFileType = sourcecode.swift; path = FIRDatabaseService.swift; sourceTree = "<group>"; };
		F54ABD6EF6FAB97B3D379699 /* Pods-For Sale.release.xcconfig */ = {isa = PBXFileReference; includeInIndex = 1; lastKnownFileType = text.xcconfig; name = "Pods-For Sale.release.xcconfig"; path = "Pods/Target Support Files/Pods-For Sale/Pods-For Sale.release.xcconfig"; sourceTree = "<group>"; };
/* End PBXFileReference section */

/* Begin PBXFrameworksBuildPhase section */
		B50710B81FE9876600EDE117 /* Frameworks */ = {
			isa = PBXFrameworksBuildPhase;
			buildActionMask = 2147483647;
			files = (
				EEA24EE158D078645A425B24 /* Pods_For_Sale.framework in Frameworks */,
			);
			runOnlyForDeploymentPostprocessing = 0;
		};
/* End PBXFrameworksBuildPhase section */

/* Begin PBXGroup section */
		9A23CF45AAE4143C91C2CE43 /* Pods */ = {
			isa = PBXGroup;
			children = (
				4941341B70A6F81954FB0E94 /* Pods-For Sale.debug.xcconfig */,
				F54ABD6EF6FAB97B3D379699 /* Pods-For Sale.release.xcconfig */,
			);
			name = Pods;
			sourceTree = "<group>";
		};
		B50710B21FE9876600EDE117 = {
			isa = PBXGroup;
			children = (
				B50710BD1FE9876700EDE117 /* For Sale */,
				B50710BC1FE9876700EDE117 /* Products */,
				9A23CF45AAE4143C91C2CE43 /* Pods */,
				D60E17304C7294737F8B09C6 /* Frameworks */,
			);
			sourceTree = "<group>";
		};
		B50710BC1FE9876700EDE117 /* Products */ = {
			isa = PBXGroup;
			children = (
				B50710BB1FE9876700EDE117 /* For Sale.app */,
			);
			name = Products;
			sourceTree = "<group>";
		};
		B50710BD1FE9876700EDE117 /* For Sale */ = {
			isa = PBXGroup;
			children = (
				B5213E061FEC3D160040343C /* For Sale.entitlements */,
				B50710CA1FE9876700EDE117 /* Info.plist */,
				B55F5B481FEF067100895757 /* GoogleService-Info.plist */,
				B50710D31FE987BD00EDE117 /* Model */,
				B50710D21FE987B800EDE117 /* View */,
				B50710D11FE987A300EDE117 /* Control */,
				B50710D01FE9878F00EDE117 /* Service */,
			);
			path = "For Sale";
			sourceTree = "<group>";
		};
		B50710D01FE9878F00EDE117 /* Service */ = {
			isa = PBXGroup;
			children = (
				B50710D81FE9A93A00EDE117 /* AlertService.swift */,
				B5213E041FEC34680040343C /* UNService.swift */,
				B55F5B4A1FEF096200895757 /* FIRDatabaseService.swift */,
				B55056861FEF3D9A003F0841 /* ProductsService.swift */,
				B50518A41FF03F9000189C67 /* FIRMessagingService.swift */,
			);
			path = Service;
			sourceTree = "<group>";
		};
		B50710D11FE987A300EDE117 /* Control */ = {
			isa = PBXGroup;
			children = (
				B50710BE1FE9876700EDE117 /* AppDelegate.swift */,
				B50710C01FE9876700EDE117 /* ViewController.swift */,
			);
			path = Control;
			sourceTree = "<group>";
		};
		B50710D21FE987B800EDE117 /* View */ = {
			isa = PBXGroup;
			children = (
				B50710C51FE9876700EDE117 /* Assets.xcassets */,
				B50710C21FE9876700EDE117 /* Main.storyboard */,
				B50710C71FE9876700EDE117 /* LaunchScreen.storyboard */,
				B50710D61FE99CE600EDE117 /* ProductCell.swift */,
			);
			path = View;
			sourceTree = "<group>";
		};
		B50710D31FE987BD00EDE117 /* Model */ = {
			isa = PBXGroup;
			children = (
				B50710D41FE99A2900EDE117 /* Product.swift */,
				B55056841FEF39D4003F0841 /* ProductsSnapshot.swift */,
			);
			path = Model;
			sourceTree = "<group>";
		};
		D60E17304C7294737F8B09C6 /* Frameworks */ = {
			isa = PBXGroup;
			children = (
				5E289CD22DB1FE203AE59BAB /* Pods_For_Sale.framework */,
			);
			name = Frameworks;
			sourceTree = "<group>";
		};
/* End PBXGroup section */

/* Begin PBXNativeTarget section */
		B50710BA1FE9876600EDE117 /* For Sale */ = {
			isa = PBXNativeTarget;
			buildConfigurationList = B50710CD1FE9876700EDE117 /* Build configuration list for PBXNativeTarget "For Sale" */;
			buildPhases = (
				6E78125775EBB1F806B41635 /* [CP] Check Pods Manifest.lock */,
				B50710B71FE9876600EDE117 /* Sources */,
				B50710B81FE9876600EDE117 /* Frameworks */,
				B50710B91FE9876600EDE117 /* Resources */,
				524E5C806D07636B9A00E17C /* [CP] Embed Pods Frameworks */,
				6AA9E50564E8D5049550CDA8 /* [CP] Copy Pods Resources */,
			);
			buildRules = (
			);
			dependencies = (
			);
			name = "For Sale";
			productName = "For Sale";
			productReference = B50710BB1FE9876700EDE117 /* For Sale.app */;
			productType = "com.apple.product-type.application";
		};
/* End PBXNativeTarget section */

/* Begin PBXProject section */
		B50710B31FE9876600EDE117 /* Project object */ = {
			isa = PBXProject;
			attributes = {
				LastSwiftUpdateCheck = 0920;
				LastUpgradeCheck = 0920;
				ORGANIZATIONNAME = "Ben Aaron";
				TargetAttributes = {
					B50710BA1FE9876600EDE117 = {
						CreatedOnToolsVersion = 9.2;
						ProvisioningStyle = Automatic;
						SystemCapabilities = {
							com.apple.BackgroundModes = {
								enabled = 1;
							};
							com.apple.Push = {
								enabled = 1;
							};
						};
					};
				};
			};
			buildConfigurationList = B50710B61FE9876600EDE117 /* Build configuration list for PBXProject "For Sale" */;
			compatibilityVersion = "Xcode 8.0";
			developmentRegion = en;
			hasScannedForEncodings = 0;
			knownRegions = (
				en,
				Base,
			);
			mainGroup = B50710B21FE9876600EDE117;
			productRefGroup = B50710BC1FE9876700EDE117 /* Products */;
			projectDirPath = "";
			projectRoot = "";
			targets = (
				B50710BA1FE9876600EDE117 /* For Sale */,
			);
		};
/* End PBXProject section */

/* Begin PBXResourcesBuildPhase section */
		B50710B91FE9876600EDE117 /* Resources */ = {
			isa = PBXResourcesBuildPhase;
			buildActionMask = 2147483647;
			files = (
				B50710C91FE9876700EDE117 /* LaunchScreen.storyboard in Resources */,
				B55F5B491FEF067200895757 /* GoogleService-Info.plist in Resources */,
				B50710C61FE9876700EDE117 /* Assets.xcassets in Resources */,
				B50710C41FE9876700EDE117 /* Main.storyboard in Resources */,
			);
			runOnlyForDeploymentPostprocessing = 0;
		};
/* End PBXResourcesBuildPhase section */

/* Begin PBXShellScriptBuildPhase section */
		524E5C806D07636B9A00E17C /* [CP] Embed Pods Frameworks */ = {
			isa = PBXShellScriptBuildPhase;
			buildActionMask = 2147483647;
			files = (
			);
			inputPaths = (
				"${SRCROOT}/Pods/Target Support Files/Pods-For Sale/Pods-For Sale-frameworks.sh",
				"${BUILT_PRODUCTS_DIR}/GoogleToolboxForMac/GoogleToolboxForMac.framework",
				"${BUILT_PRODUCTS_DIR}/Protobuf/Protobuf.framework",
				"${BUILT_PRODUCTS_DIR}/leveldb-library/leveldb.framework",
				"${BUILT_PRODUCTS_DIR}/nanopb/nanopb.framework",
			);
			name = "[CP] Embed Pods Frameworks";
			outputPaths = (
				"${TARGET_BUILD_DIR}/${FRAMEWORKS_FOLDER_PATH}/GoogleToolboxForMac.framework",
				"${TARGET_BUILD_DIR}/${FRAMEWORKS_FOLDER_PATH}/Protobuf.framework",
				"${TARGET_BUILD_DIR}/${FRAMEWORKS_FOLDER_PATH}/leveldb.framework",
				"${TARGET_BUILD_DIR}/${FRAMEWORKS_FOLDER_PATH}/nanopb.framework",
			);
			runOnlyForDeploymentPostprocessing = 0;
			shellPath = /bin/sh;
			shellScript = "\"${SRCROOT}/Pods/Target Support Files/Pods-For Sale/Pods-For Sale-frameworks.sh\"\n";
			showEnvVarsInLog = 0;
		};
		6AA9E50564E8D5049550CDA8 /* [CP] Copy Pods Resources */ = {
			isa = PBXShellScriptBuildPhase;
			buildActionMask = 2147483647;
			files = (
			);
			inputPaths = (
			);
			name = "[CP] Copy Pods Resources";
			outputPaths = (
			);
			runOnlyForDeploymentPostprocessing = 0;
			shellPath = /bin/sh;
			shellScript = "\"${SRCROOT}/Pods/Target Support Files/Pods-For Sale/Pods-For Sale-resources.sh\"\n";
			showEnvVarsInLog = 0;
		};
		6E78125775EBB1F806B41635 /* [CP] Check Pods Manifest.lock */ = {
			isa = PBXShellScriptBuildPhase;
			buildActionMask = 2147483647;
			files = (
			);
			inputPaths = (
				"${PODS_PODFILE_DIR_PATH}/Podfile.lock",
				"${PODS_ROOT}/Manifest.lock",
			);
			name = "[CP] Check Pods Manifest.lock";
			outputPaths = (
				"$(DERIVED_FILE_DIR)/Pods-For Sale-checkManifestLockResult.txt",
			);
			runOnlyForDeploymentPostprocessing = 0;
			shellPath = /bin/sh;
			shellScript = "diff \"${PODS_PODFILE_DIR_PATH}/Podfile.lock\" \"${PODS_ROOT}/Manifest.lock\" > /dev/null\nif [ $? != 0 ] ; then\n    # print error to STDERR\n    echo \"error: The sandbox is not in sync with the Podfile.lock. Run 'pod install' or update your CocoaPods installation.\" >&2\n    exit 1\nfi\n# This output is used by Xcode 'outputs' to avoid re-running this script phase.\necho \"SUCCESS\" > \"${SCRIPT_OUTPUT_FILE_0}\"\n";
			showEnvVarsInLog = 0;
		};
/* End PBXShellScriptBuildPhase section */

/* Begin PBXSourcesBuildPhase section */
		B50710B71FE9876600EDE117 /* Sources */ = {
			isa = PBXSourcesBuildPhase;
			buildActionMask = 2147483647;
			files = (
				B5213E051FEC34680040343C /* UNService.swift in Sources */,
				B55F5B4B1FEF096200895757 /* FIRDatabaseService.swift in Sources */,
				B50710C11FE9876700EDE117 /* ViewController.swift in Sources */,
				B50710D71FE99CE600EDE117 /* ProductCell.swift in Sources */,
				B50710BF1FE9876700EDE117 /* AppDelegate.swift in Sources */,
				B55056851FEF39D4003F0841 /* ProductsSnapshot.swift in Sources */,
				B50710D51FE99A2900EDE117 /* Product.swift in Sources */,
				B50710D91FE9A93A00EDE117 /* AlertService.swift in Sources */,
				B50518A51FF03F9000189C67 /* FIRMessagingService.swift in Sources */,
				B55056871FEF3D9A003F0841 /* ProductsService.swift in Sources */,
			);
			runOnlyForDeploymentPostprocessing = 0;
		};
/* End PBXSourcesBuildPhase section */

/* Begin PBXVariantGroup section */
		B50710C21FE9876700EDE117 /* Main.storyboard */ = {
			isa = PBXVariantGroup;
			children = (
				B50710C31FE9876700EDE117 /* Base */,
			);
			name = Main.storyboard;
			sourceTree = "<group>";
		};
		B50710C71FE9876700EDE117 /* LaunchScreen.storyboard */ = {
			isa = PBXVariantGroup;
			children = (
				B50710C81FE9876700EDE117 /* Base */,
			);
			name = LaunchScreen.storyboard;
			sourceTree = "<group>";
		};
/* End PBXVariantGroup section */

/* Begin XCBuildConfiguration section */
		B50710CB1FE9876700EDE117 /* Debug */ = {
			isa = XCBuildConfiguration;
			buildSettings = {
				ALWAYS_SEARCH_USER_PATHS = NO;
				CLANG_ANALYZER_NONNULL = YES;
				CLANG_ANALYZER_NUMBER_OBJECT_CONVERSION = YES_AGGRESSIVE;
				CLANG_CXX_LANGUAGE_STANDARD = "gnu++14";
				CLANG_CXX_LIBRARY = "libc++";
				CLANG_ENABLE_MODULES = YES;
				CLANG_ENABLE_OBJC_ARC = YES;
				CLANG_WARN_BLOCK_CAPTURE_AUTORELEASING = YES;
				CLANG_WARN_BOOL_CONVERSION = YES;
				CLANG_WARN_COMMA = YES;
				CLANG_WARN_CONSTANT_CONVERSION = YES;
				CLANG_WARN_DIRECT_OBJC_ISA_USAGE = YES_ERROR;
				CLANG_WARN_DOCUMENTATION_COMMENTS = YES;
				CLANG_WARN_EMPTY_BODY = YES;
				CLANG_WARN_ENUM_CONVERSION = YES;
				CLANG_WARN_INFINITE_RECURSION = YES;
				CLANG_WARN_INT_CONVERSION = YES;
				CLANG_WARN_NON_LITERAL_NULL_CONVERSION = YES;
				CLANG_WARN_OBJC_LITERAL_CONVERSION = YES;
				CLANG_WARN_OBJC_ROOT_CLASS = YES_ERROR;
				CLANG_WARN_RANGE_LOOP_ANALYSIS = YES;
				CLANG_WARN_STRICT_PROTOTYPES = YES;
				CLANG_WARN_SUSPICIOUS_MOVE = YES;
				CLANG_WARN_UNGUARDED_AVAILABILITY = YES_AGGRESSIVE;
				CLANG_WARN_UNREACHABLE_CODE = YES;
				CLANG_WARN__DUPLICATE_METHOD_MATCH = YES;
				CODE_SIGN_IDENTITY = "iPhone Developer";
				COPY_PHASE_STRIP = NO;
				DEBUG_INFORMATION_FORMAT = dwarf;
				ENABLE_STRICT_OBJC_MSGSEND = YES;
				ENABLE_TESTABILITY = YES;
				GCC_C_LANGUAGE_STANDARD = gnu11;
				GCC_DYNAMIC_NO_PIC = NO;
				GCC_NO_COMMON_BLOCKS = YES;
				GCC_OPTIMIZATION_LEVEL = 0;
				GCC_PREPROCESSOR_DEFINITIONS = (
					"DEBUG=1",
					"$(inherited)",
				);
				GCC_WARN_64_TO_32_BIT_CONVERSION = YES;
				GCC_WARN_ABOUT_RETURN_TYPE = YES_ERROR;
				GCC_WARN_UNDECLARED_SELECTOR = YES;
				GCC_WARN_UNINITIALIZED_AUTOS = YES_AGGRESSIVE;
				GCC_WARN_UNUSED_FUNCTION = YES;
				GCC_WARN_UNUSED_VARIABLE = YES;
				IPHONEOS_DEPLOYMENT_TARGET = 11.2;
				MTL_ENABLE_DEBUG_INFO = YES;
				ONLY_ACTIVE_ARCH = YES;
				SDKROOT = iphoneos;
				SWIFT_ACTIVE_COMPILATION_CONDITIONS = DEBUG;
				SWIFT_OPTIMIZATION_LEVEL = "-Onone";
			};
			name = Debug;
		};
		B50710CC1FE9876700EDE117 /* Release */ = {
			isa = XCBuildConfiguration;
			buildSettings = {
				ALWAYS_SEARCH_USER_PATHS = NO;
				CLANG_ANALYZER_NONNULL = YES;
				CLANG_ANALYZER_NUMBER_OBJECT_CONVERSION = YES_AGGRESSIVE;
				CLANG_CXX_LANGUAGE_STANDARD = "gnu++14";
				CLANG_CXX_LIBRARY = "libc++";
				CLANG_ENABLE_MODULES = YES;
				CLANG_ENABLE_OBJC_ARC = YES;
				CLANG_WARN_BLOCK_CAPTURE_AUTORELEASING = YES;
				CLANG_WARN_BOOL_CONVERSION = YES;
				CLANG_WARN_COMMA = YES;
				CLANG_WARN_CONSTANT_CONVERSION = YES;
				CLANG_WARN_DIRECT_OBJC_ISA_USAGE = YES_ERROR;
				CLANG_WARN_DOCUMENTATION_COMMENTS = YES;
				CLANG_WARN_EMPTY_BODY = YES;
				CLANG_WARN_ENUM_CONVERSION = YES;
				CLANG_WARN_INFINITE_RECURSION = YES;
				CLANG_WARN_INT_CONVERSION = YES;
				CLANG_WARN_NON_LITERAL_NULL_CONVERSION = YES;
				CLANG_WARN_OBJC_LITERAL_CONVERSION = YES;
				CLANG_WARN_OBJC_ROOT_CLASS = YES_ERROR;
				CLANG_WARN_RANGE_LOOP_ANALYSIS = YES;
				CLANG_WARN_STRICT_PROTOTYPES = YES;
				CLANG_WARN_SUSPICIOUS_MOVE = YES;
				CLANG_WARN_UNGUARDED_AVAILABILITY = YES_AGGRESSIVE;
				CLANG_WARN_UNREACHABLE_CODE = YES;
				CLANG_WARN__DUPLICATE_METHOD_MATCH = YES;
				CODE_SIGN_IDENTITY = "iPhone Developer";
				COPY_PHASE_STRIP = NO;
				DEBUG_INFORMATION_FORMAT = "dwarf-with-dsym";
				ENABLE_NS_ASSERTIONS = NO;
				ENABLE_STRICT_OBJC_MSGSEND = YES;
				GCC_C_LANGUAGE_STANDARD = gnu11;
				GCC_NO_COMMON_BLOCKS = YES;
				GCC_WARN_64_TO_32_BIT_CONVERSION = YES;
				GCC_WARN_ABOUT_RETURN_TYPE = YES_ERROR;
				GCC_WARN_UNDECLARED_SELECTOR = YES;
				GCC_WARN_UNINITIALIZED_AUTOS = YES_AGGRESSIVE;
				GCC_WARN_UNUSED_FUNCTION = YES;
				GCC_WARN_UNUSED_VARIABLE = YES;
				IPHONEOS_DEPLOYMENT_TARGET = 11.2;
				MTL_ENABLE_DEBUG_INFO = NO;
				SDKROOT = iphoneos;
				SWIFT_OPTIMIZATION_LEVEL = "-Owholemodule";
				VALIDATE_PRODUCT = YES;
			};
			name = Release;
		};
		B50710CE1FE9876700EDE117 /* Debug */ = {
			isa = XCBuildConfiguration;
			baseConfigurationReference = 4941341B70A6F81954FB0E94 /* Pods-For Sale.debug.xcconfig */;
			buildSettings = {
				ASSETCATALOG_COMPILER_APPICON_NAME = AppIcon;
				CODE_SIGN_ENTITLEMENTS = "For Sale/For Sale.entitlements";
				CODE_SIGN_STYLE = Automatic;
				DEVELOPMENT_TEAM = PJU47SA62K;
				INFOPLIST_FILE = "For Sale/Info.plist";
				LD_RUNPATH_SEARCH_PATHS = "$(inherited) @executable_path/Frameworks";
				PRODUCT_BUNDLE_IDENTIFIER = "com.Ben-Aaron.For-Sale";
				PRODUCT_NAME = "$(TARGET_NAME)";
				SWIFT_VERSION = 4.0;
				TARGETED_DEVICE_FAMILY = "1,2";
			};
			name = Debug;
		};
		B50710CF1FE9876700EDE117 /* Release */ = {
			isa = XCBuildConfiguration;
			baseConfigurationReference = F54ABD6EF6FAB97B3D379699 /* Pods-For Sale.release.xcconfig */;
			buildSettings = {
				ASSETCATALOG_COMPILER_APPICON_NAME = AppIcon;
				CODE_SIGN_ENTITLEMENTS = "For Sale/For Sale.entitlements";
				CODE_SIGN_STYLE = Automatic;
				DEVELOPMENT_TEAM = PJU47SA62K;
				INFOPLIST_FILE = "For Sale/Info.plist";
				LD_RUNPATH_SEARCH_PATHS = "$(inherited) @executable_path/Frameworks";
				PRODUCT_BUNDLE_IDENTIFIER = "com.Ben-Aaron.For-Sale";
				PRODUCT_NAME = "$(TARGET_NAME)";
				SWIFT_VERSION = 4.0;
				TARGETED_DEVICE_FAMILY = "1,2";
			};
			name = Release;
		};
/* End XCBuildConfiguration section */

/* Begin XCConfigurationList section */
		B50710B61FE9876600EDE117 /* Build configuration list for PBXProject "For Sale" */ = {
			isa = XCConfigurationList;
			buildConfigurations = (
				B50710CB1FE9876700EDE117 /* Debug */,
				B50710CC1FE9876700EDE117 /* Release */,
			);
			defaultConfigurationIsVisible = 0;
			defaultConfigurationName = Release;
		};
		B50710CD1FE9876700EDE117 /* Build configuration list for PBXNativeTarget "For Sale" */ = {
			isa = XCConfigurationList;
			buildConfigurations = (
				B50710CE1FE9876700EDE117 /* Debug */,
				B50710CF1FE9876700EDE117 /* Release */,
			);
			defaultConfigurationIsVisible = 0;
			defaultConfigurationName = Release;
		};
/* End XCConfigurationList section */
	};
	rootObject = B50710B31FE9876600EDE117 /* Project object */;
}
